
Microsoft Visual Studio Solution File, Format Version 12.00
# Visual Studio Version 17
VisualStudioVersion = 17.10.35013.160
MinimumVisualStudioVersion = 10.0.40219.1
Project("{8BC9CEB8-8B4A-11D0-8D11-00A0C91BC942}") = "home_work_2_7_1", "home_work_2_7_1.vcxproj", "{E2BCBDD9-9A0F-47FF-BD25-18683B2B946F}"
EndProject
Global
	GlobalSection(SolutionConfigurationPlatforms) = preSolution
		Debug|x64 = Debug|x64
		Debug|x86 = Debug|x86
		Release|x64 = Release|x64
		Release|x86 = Release|x86
	EndGlobalSection
	GlobalSection(ProjectConfigurationPlatforms) = postSolution
		{E2BCBDD9-9A0F-47FF-BD25-18683B2B946F}.Debug|x64.ActiveCfg = Debug|x64
		{E2BCBDD9-9A0F-47FF-BD25-18683B2B946F}.Debug|x64.Build.0 = Debug|x64
		{E2BCBDD9-9A0F-47FF-BD25-18683B2B946F}.Debug|x86.ActiveCfg = Debug|Win32
		{E2BCBDD9-9A0F-47FF-BD25-18683B2B946F}.Debug|x86.Build.0 = Debug|Win32
		{E2BCBDD9-9A0F-47FF-BD25-18683B2B946F}.Release|x64.ActiveCfg = Release|x64
		{E2BCBDD9-9A0F-47FF-BD25-18683B2B946F}.Release|x64.Build.0 = Release|x64
		{E2BCBDD9-9A0F-47FF-BD25-18683B2B946F}.Release|x86.ActiveCfg = Release|Win32
		{E2BCBDD9-9A0F-47FF-BD25-18683B2B946F}.Release|x86.Build.0 = Release|Win32
	EndGlobalSection
	GlobalSection(SolutionProperties) = preSolution
		HideSolutionNode = FALSE
	EndGlobalSection
	GlobalSection(ExtensibilityGlobals) = postSolution
		SolutionGuid = {D4DAE2BC-0B32-4AC3-81C0-20D02C573F9C}
	EndGlobalSection
EndGlobal
